
Microsoft Visual Studio Solution File, Format Version 12.00
# Visual Studio Version 17
VisualStudioVersion = 17.2.32526.322
MinimumVisualStudioVersion = 10.0.40219.1
Project("{FAE04EC0-301F-11D3-BF4B-00C04F79EFBC}") = "WebApplication2", "WebApplication2\WebApplication2.csproj", "{79E53177-E80D-4158-8AE7-C2282A2A0BA7}"
EndProject
Global
	GlobalSection(SolutionConfigurationPlatforms) = preSolution
		Debug|Any CPU = Debug|Any CPU
		Release|Any CPU = Release|Any CPU
	EndGlobalSection
	GlobalSection(ProjectConfigurationPlatforms) = postSolution
		{79E53177-E80D-4158-8AE7-C2282A2A0BA7}.Debug|Any CPU.ActiveCfg = Debug|Any CPU
		{79E53177-E80D-4158-8AE7-C2282A2A0BA7}.Debug|Any CPU.Build.0 = Debug|Any CPU
		{79E53177-E80D-4158-8AE7-C2282A2A0BA7}.Release|Any CPU.ActiveCfg = Release|Any CPU
		{79E53177-E80D-4158-8AE7-C2282A2A0BA7}.Release|Any CPU.Build.0 = Release|Any CPU
	EndGlobalSection
	GlobalSection(SolutionProperties) = preSolution
		HideSolutionNode = FALSE
	EndGlobalSection
	GlobalSection(ExtensibilityGlobals) = postSolution
		SolutionGuid = {A8ED189E-DE9F-4A60-AE10-151A958F62D6}
	EndGlobalSection
EndGlobal
